
Microsoft Visual Studio Solution File, Format Version 12.00
# Visual Studio Version 17
VisualStudioVersion = 17.0.32002.185
MinimumVisualStudioVersion = 10.0.40219.1
Project("{2150E333-8FDC-42A3-9474-1A3956D46DE8}") = "Src", "Src", "{4D5AEA60-C2FD-4CAE-9D9F-31D5BC3ADA17}"
EndProject
Project("{9092AA53-FB77-4645-B42D-1CCCA6BD08BD}") = "Article.Web.Server", "DevNews.Server\Article.Web.Server\Article.Web.Server.njsproj", "{3D6FECA1-7453-4AA8-952E-434FB23424ED}"
EndProject
Project("{9092AA53-FB77-4645-B42D-1CCCA6BD08BD}") = "Artivle.Web.Client", "Artivle.Web.Client\Artivle.Web.Client.njsproj", "{A97FF5DC-7A3F-4A0E-BD44-D44E88D9651D}"
EndProject
Global
	GlobalSection(SolutionConfigurationPlatforms) = preSolution
		Debug|Any CPU = Debug|Any CPU
		Release|Any CPU = Release|Any CPU
	EndGlobalSection
	GlobalSection(ProjectConfigurationPlatforms) = postSolution
		{3D6FECA1-7453-4AA8-952E-434FB23424ED}.Debug|Any CPU.ActiveCfg = Debug|Any CPU
		{3D6FECA1-7453-4AA8-952E-434FB23424ED}.Debug|Any CPU.Build.0 = Debug|Any CPU
		{3D6FECA1-7453-4AA8-952E-434FB23424ED}.Release|Any CPU.ActiveCfg = Release|Any CPU
		{3D6FECA1-7453-4AA8-952E-434FB23424ED}.Release|Any CPU.Build.0 = Release|Any CPU
		{A97FF5DC-7A3F-4A0E-BD44-D44E88D9651D}.Debug|Any CPU.ActiveCfg = Debug|Any CPU
		{A97FF5DC-7A3F-4A0E-BD44-D44E88D9651D}.Debug|Any CPU.Build.0 = Debug|Any CPU
		{A97FF5DC-7A3F-4A0E-BD44-D44E88D9651D}.Release|Any CPU.ActiveCfg = Release|Any CPU
		{A97FF5DC-7A3F-4A0E-BD44-D44E88D9651D}.Release|Any CPU.Build.0 = Release|Any CPU
	EndGlobalSection
	GlobalSection(SolutionProperties) = preSolution
		HideSolutionNode = FALSE
	EndGlobalSection
	GlobalSection(NestedProjects) = preSolution
		{3D6FECA1-7453-4AA8-952E-434FB23424ED} = {4D5AEA60-C2FD-4CAE-9D9F-31D5BC3ADA17}
		{A97FF5DC-7A3F-4A0E-BD44-D44E88D9651D} = {4D5AEA60-C2FD-4CAE-9D9F-31D5BC3ADA17}
	EndGlobalSection
	GlobalSection(ExtensibilityGlobals) = postSolution
		SolutionGuid = {C2FD0411-424E-4E82-AAF5-99FB273F999C}
	EndGlobalSection
EndGlobal
