
Microsoft Visual Studio Solution File, Format Version 12.00
# Visual Studio Version 17
VisualStudioVersion = 17.0.32002.185
MinimumVisualStudioVersion = 10.0.40219.1
Project("{2150E333-8FDC-42A3-9474-1A3956D46DE8}") = "Src", "Src", "{4D5AEA60-C2FD-4CAE-9D9F-31D5BC3ADA17}"
EndProject
Project("{9092AA53-FB77-4645-B42D-1CCCA6BD08BD}") = "Article.Web.Server", "DevNews.Server\Article.Web.Server\Article.Web.Server.njsproj", "{3D6FECA1-7453-4AA8-952E-434FB23424ED}"
EndProject
Project("{9092AA53-FB77-4645-B42D-1CCCA6BD08BD}") = "Artivle.Web.Client", "Artivle.Web.Client\Artivle.Web.Client.njsproj", "{A97FF5DC-7A3F-4A0E-BD44-D44E88D9651D}"
EndProject
Project("{9A19103F-16F7-4668-BE54-9A1E7A4F7556}") = "Article.Web.Server.V2", "Article.Web.Server.V2\Article.Web.Server.V2.csproj", "{125532BA-0C4D-45DC-BDE1-CCD4BA9D666A}"
EndProject
Project("{2150E333-8FDC-42A3-9474-1A3956D46DE8}") = "Server V2", "Server V2", "{A7AFECEF-DE71-4DAD-B3DE-1F71CEC55B2F}"
EndProject
Project("{9A19103F-16F7-4668-BE54-9A1E7A4F7556}") = "DataLayer", "DataLayer\DataLayer.csproj", "{DFA9F1B7-8617-4389-A806-6474D97C4982}"
EndProject
Project("{9A19103F-16F7-4668-BE54-9A1E7A4F7556}") = "Entity", "Entity\Entity.csproj", "{F19E8BAE-19F7-4967-8D91-DC46DD253F41}"
EndProject
Project("{9A19103F-16F7-4668-BE54-9A1E7A4F7556}") = "Service", "Service\Service.csproj", "{E40D8BD9-73B1-4CE5-B718-F3EE8F84006A}"
EndProject
Project("{9A19103F-16F7-4668-BE54-9A1E7A4F7556}") = "Tools", "Tools\Tools.csproj", "{40A7E77F-DCD6-4281-8D0B-CE3A25A0C8E8}"
EndProject
Project("{9A19103F-16F7-4668-BE54-9A1E7A4F7556}") = "ViewModel", "ViewModel\ViewModel.csproj", "{F8D51A5D-093C-473C-8F89-3DD2263C55ED}"
EndProject
Project("{2150E333-8FDC-42A3-9474-1A3956D46DE8}") = "Train", "Train", "{C9DE77C2-EAEA-4171-B49C-F2D296572E48}"
EndProject
Project("{9A19103F-16F7-4668-BE54-9A1E7A4F7556}") = "Trainer", "Train\Trainer\Trainer.csproj", "{CBA469AF-39E5-4E9B-A621-297C5BA0ECE3}"
EndProject
Project("{9A19103F-16F7-4668-BE54-9A1E7A4F7556}") = "Trainer.Data", "Train\Trainer.Data\Trainer.Data.csproj", "{F7F377B0-9EC6-4112-B94E-F7129273A18A}"
EndProject
Project("{9A19103F-16F7-4668-BE54-9A1E7A4F7556}") = "Trainer.Entity", "Train\Trainer.Entity\Trainer.Entity.csproj", "{42566C28-759C-415F-AB6A-975F3FE3A23E}"
EndProject
Project("{9A19103F-16F7-4668-BE54-9A1E7A4F7556}") = "Train.Service", "Train\Train.Service\Train.Service.csproj", "{61A0EED4-C974-4F2D-AF21-0BF5F71E0FDA}"
EndProject
Project("{2150E333-8FDC-42A3-9474-1A3956D46DE8}") = "Shread", "Shread", "{39B58AC2-4868-47FE-B3BA-10095C20D7FC}"
EndProject
Project("{FAE04EC0-301F-11D3-BF4B-00C04F79EFBC}") = "Services.Base", "Services.Base\Services.Base.csproj", "{72AACE37-CBA1-4566-B4D9-3F5E4F8B099C}"
EndProject
Global
	GlobalSection(SolutionConfigurationPlatforms) = preSolution
		Debug|Any CPU = Debug|Any CPU
		Release|Any CPU = Release|Any CPU
	EndGlobalSection
	GlobalSection(ProjectConfigurationPlatforms) = postSolution
		{3D6FECA1-7453-4AA8-952E-434FB23424ED}.Debug|Any CPU.ActiveCfg = Debug|Any CPU
		{3D6FECA1-7453-4AA8-952E-434FB23424ED}.Debug|Any CPU.Build.0 = Debug|Any CPU
		{3D6FECA1-7453-4AA8-952E-434FB23424ED}.Release|Any CPU.ActiveCfg = Release|Any CPU
		{3D6FECA1-7453-4AA8-952E-434FB23424ED}.Release|Any CPU.Build.0 = Release|Any CPU
		{A97FF5DC-7A3F-4A0E-BD44-D44E88D9651D}.Debug|Any CPU.ActiveCfg = Debug|Any CPU
		{A97FF5DC-7A3F-4A0E-BD44-D44E88D9651D}.Debug|Any CPU.Build.0 = Debug|Any CPU
		{A97FF5DC-7A3F-4A0E-BD44-D44E88D9651D}.Release|Any CPU.ActiveCfg = Release|Any CPU
		{A97FF5DC-7A3F-4A0E-BD44-D44E88D9651D}.Release|Any CPU.Build.0 = Release|Any CPU
		{125532BA-0C4D-45DC-BDE1-CCD4BA9D666A}.Debug|Any CPU.ActiveCfg = Debug|Any CPU
		{125532BA-0C4D-45DC-BDE1-CCD4BA9D666A}.Debug|Any CPU.Build.0 = Debug|Any CPU
		{125532BA-0C4D-45DC-BDE1-CCD4BA9D666A}.Release|Any CPU.ActiveCfg = Release|Any CPU
		{125532BA-0C4D-45DC-BDE1-CCD4BA9D666A}.Release|Any CPU.Build.0 = Release|Any CPU
		{DFA9F1B7-8617-4389-A806-6474D97C4982}.Debug|Any CPU.ActiveCfg = Debug|Any CPU
		{DFA9F1B7-8617-4389-A806-6474D97C4982}.Debug|Any CPU.Build.0 = Debug|Any CPU
		{DFA9F1B7-8617-4389-A806-6474D97C4982}.Release|Any CPU.ActiveCfg = Release|Any CPU
		{DFA9F1B7-8617-4389-A806-6474D97C4982}.Release|Any CPU.Build.0 = Release|Any CPU
		{F19E8BAE-19F7-4967-8D91-DC46DD253F41}.Debug|Any CPU.ActiveCfg = Debug|Any CPU
		{F19E8BAE-19F7-4967-8D91-DC46DD253F41}.Debug|Any CPU.Build.0 = Debug|Any CPU
		{F19E8BAE-19F7-4967-8D91-DC46DD253F41}.Release|Any CPU.ActiveCfg = Release|Any CPU
		{F19E8BAE-19F7-4967-8D91-DC46DD253F41}.Release|Any CPU.Build.0 = Release|Any CPU
		{E40D8BD9-73B1-4CE5-B718-F3EE8F84006A}.Debug|Any CPU.ActiveCfg = Debug|Any CPU
		{E40D8BD9-73B1-4CE5-B718-F3EE8F84006A}.Debug|Any CPU.Build.0 = Debug|Any CPU
		{E40D8BD9-73B1-4CE5-B718-F3EE8F84006A}.Release|Any CPU.ActiveCfg = Release|Any CPU
		{E40D8BD9-73B1-4CE5-B718-F3EE8F84006A}.Release|Any CPU.Build.0 = Release|Any CPU
		{40A7E77F-DCD6-4281-8D0B-CE3A25A0C8E8}.Debug|Any CPU.ActiveCfg = Debug|Any CPU
		{40A7E77F-DCD6-4281-8D0B-CE3A25A0C8E8}.Debug|Any CPU.Build.0 = Debug|Any CPU
		{40A7E77F-DCD6-4281-8D0B-CE3A25A0C8E8}.Release|Any CPU.ActiveCfg = Release|Any CPU
		{40A7E77F-DCD6-4281-8D0B-CE3A25A0C8E8}.Release|Any CPU.Build.0 = Release|Any CPU
		{F8D51A5D-093C-473C-8F89-3DD2263C55ED}.Debug|Any CPU.ActiveCfg = Debug|Any CPU
		{F8D51A5D-093C-473C-8F89-3DD2263C55ED}.Debug|Any CPU.Build.0 = Debug|Any CPU
		{F8D51A5D-093C-473C-8F89-3DD2263C55ED}.Release|Any CPU.ActiveCfg = Release|Any CPU
		{F8D51A5D-093C-473C-8F89-3DD2263C55ED}.Release|Any CPU.Build.0 = Release|Any CPU
		{CBA469AF-39E5-4E9B-A621-297C5BA0ECE3}.Debug|Any CPU.ActiveCfg = Debug|Any CPU
		{CBA469AF-39E5-4E9B-A621-297C5BA0ECE3}.Debug|Any CPU.Build.0 = Debug|Any CPU
		{CBA469AF-39E5-4E9B-A621-297C5BA0ECE3}.Release|Any CPU.ActiveCfg = Release|Any CPU
		{CBA469AF-39E5-4E9B-A621-297C5BA0ECE3}.Release|Any CPU.Build.0 = Release|Any CPU
		{F7F377B0-9EC6-4112-B94E-F7129273A18A}.Debug|Any CPU.ActiveCfg = Debug|Any CPU
		{F7F377B0-9EC6-4112-B94E-F7129273A18A}.Debug|Any CPU.Build.0 = Debug|Any CPU
		{F7F377B0-9EC6-4112-B94E-F7129273A18A}.Release|Any CPU.ActiveCfg = Release|Any CPU
		{F7F377B0-9EC6-4112-B94E-F7129273A18A}.Release|Any CPU.Build.0 = Release|Any CPU
		{42566C28-759C-415F-AB6A-975F3FE3A23E}.Debug|Any CPU.ActiveCfg = Debug|Any CPU
		{42566C28-759C-415F-AB6A-975F3FE3A23E}.Debug|Any CPU.Build.0 = Debug|Any CPU
		{42566C28-759C-415F-AB6A-975F3FE3A23E}.Release|Any CPU.ActiveCfg = Release|Any CPU
		{42566C28-759C-415F-AB6A-975F3FE3A23E}.Release|Any CPU.Build.0 = Release|Any CPU
		{61A0EED4-C974-4F2D-AF21-0BF5F71E0FDA}.Debug|Any CPU.ActiveCfg = Debug|Any CPU
		{61A0EED4-C974-4F2D-AF21-0BF5F71E0FDA}.Debug|Any CPU.Build.0 = Debug|Any CPU
		{61A0EED4-C974-4F2D-AF21-0BF5F71E0FDA}.Release|Any CPU.ActiveCfg = Release|Any CPU
		{61A0EED4-C974-4F2D-AF21-0BF5F71E0FDA}.Release|Any CPU.Build.0 = Release|Any CPU
		{72AACE37-CBA1-4566-B4D9-3F5E4F8B099C}.Debug|Any CPU.ActiveCfg = Debug|Any CPU
		{72AACE37-CBA1-4566-B4D9-3F5E4F8B099C}.Debug|Any CPU.Build.0 = Debug|Any CPU
		{72AACE37-CBA1-4566-B4D9-3F5E4F8B099C}.Release|Any CPU.ActiveCfg = Release|Any CPU
		{72AACE37-CBA1-4566-B4D9-3F5E4F8B099C}.Release|Any CPU.Build.0 = Release|Any CPU
	EndGlobalSection
	GlobalSection(SolutionProperties) = preSolution
		HideSolutionNode = FALSE
	EndGlobalSection
	GlobalSection(NestedProjects) = preSolution
		{3D6FECA1-7453-4AA8-952E-434FB23424ED} = {4D5AEA60-C2FD-4CAE-9D9F-31D5BC3ADA17}
		{A97FF5DC-7A3F-4A0E-BD44-D44E88D9651D} = {4D5AEA60-C2FD-4CAE-9D9F-31D5BC3ADA17}
		{125532BA-0C4D-45DC-BDE1-CCD4BA9D666A} = {A7AFECEF-DE71-4DAD-B3DE-1F71CEC55B2F}
		{A7AFECEF-DE71-4DAD-B3DE-1F71CEC55B2F} = {4D5AEA60-C2FD-4CAE-9D9F-31D5BC3ADA17}
		{DFA9F1B7-8617-4389-A806-6474D97C4982} = {A7AFECEF-DE71-4DAD-B3DE-1F71CEC55B2F}
		{F19E8BAE-19F7-4967-8D91-DC46DD253F41} = {A7AFECEF-DE71-4DAD-B3DE-1F71CEC55B2F}
		{E40D8BD9-73B1-4CE5-B718-F3EE8F84006A} = {A7AFECEF-DE71-4DAD-B3DE-1F71CEC55B2F}
		{40A7E77F-DCD6-4281-8D0B-CE3A25A0C8E8} = {A7AFECEF-DE71-4DAD-B3DE-1F71CEC55B2F}
		{F8D51A5D-093C-473C-8F89-3DD2263C55ED} = {A7AFECEF-DE71-4DAD-B3DE-1F71CEC55B2F}
		{C9DE77C2-EAEA-4171-B49C-F2D296572E48} = {A7AFECEF-DE71-4DAD-B3DE-1F71CEC55B2F}
		{CBA469AF-39E5-4E9B-A621-297C5BA0ECE3} = {C9DE77C2-EAEA-4171-B49C-F2D296572E48}
		{F7F377B0-9EC6-4112-B94E-F7129273A18A} = {C9DE77C2-EAEA-4171-B49C-F2D296572E48}
		{42566C28-759C-415F-AB6A-975F3FE3A23E} = {C9DE77C2-EAEA-4171-B49C-F2D296572E48}
		{61A0EED4-C974-4F2D-AF21-0BF5F71E0FDA} = {C9DE77C2-EAEA-4171-B49C-F2D296572E48}
		{39B58AC2-4868-47FE-B3BA-10095C20D7FC} = {A7AFECEF-DE71-4DAD-B3DE-1F71CEC55B2F}
		{72AACE37-CBA1-4566-B4D9-3F5E4F8B099C} = {39B58AC2-4868-47FE-B3BA-10095C20D7FC}
	EndGlobalSection
	GlobalSection(ExtensibilityGlobals) = postSolution
		SolutionGuid = {C2FD0411-424E-4E82-AAF5-99FB273F999C}
	EndGlobalSection
EndGlobal
